
Microsoft Visual Studio Solution File, Format Version 12.00
# Visual Studio Version 17
VisualStudioVersion = 17.14.36717.8
MinimumVisualStudioVersion = 10.0.40219.1
Project("{FAE04EC0-301F-11D3-BF4B-00C04F79EFBC}") = "WordFreq.Core", "WordFreq.Core\WordFreq.Core.csproj", "{F1D91C63-F244-48C9-ADB2-3723C2C626B5}"
EndProject
Project("{FAE04EC0-301F-11D3-BF4B-00C04F79EFBC}") = "WordFreq.Api", "WordFreq.Api\WordFreq.Api.csproj", "{A290D24D-3AF5-4CEC-94CD-EF48CDF29FA0}"
EndProject
Project("{FAE04EC0-301F-11D3-BF4B-00C04F79EFBC}") = "WordFreq.Cli", "WordFreq.Cli\WordFreq.Cli.csproj", "{A1E26166-CC06-4822-A26A-40E0CC962C21}"
EndProject
Project("{FAE04EC0-301F-11D3-BF4B-00C04F79EFBC}") = "WordFreq.Tests", "WordFreq.Tests\WordFreq.Tests.csproj", "{F4FBD098-F466-469D-869F-C688C340A630}"
EndProject
Global
	GlobalSection(SolutionConfigurationPlatforms) = preSolution
		Debug|Any CPU = Debug|Any CPU
		Debug|x64 = Debug|x64
		Debug|x86 = Debug|x86
		Release|Any CPU = Release|Any CPU
		Release|x64 = Release|x64
		Release|x86 = Release|x86
	EndGlobalSection
	GlobalSection(ProjectConfigurationPlatforms) = postSolution
		{F1D91C63-F244-48C9-ADB2-3723C2C626B5}.Debug|Any CPU.ActiveCfg = Debug|Any CPU
		{F1D91C63-F244-48C9-ADB2-3723C2C626B5}.Debug|Any CPU.Build.0 = Debug|Any CPU
		{F1D91C63-F244-48C9-ADB2-3723C2C626B5}.Debug|x64.ActiveCfg = Debug|Any CPU
		{F1D91C63-F244-48C9-ADB2-3723C2C626B5}.Debug|x64.Build.0 = Debug|Any CPU
		{F1D91C63-F244-48C9-ADB2-3723C2C626B5}.Debug|x86.ActiveCfg = Debug|Any CPU
		{F1D91C63-F244-48C9-ADB2-3723C2C626B5}.Debug|x86.Build.0 = Debug|Any CPU
		{F1D91C63-F244-48C9-ADB2-3723C2C626B5}.Release|Any CPU.ActiveCfg = Release|Any CPU
		{F1D91C63-F244-48C9-ADB2-3723C2C626B5}.Release|Any CPU.Build.0 = Release|Any CPU
		{F1D91C63-F244-48C9-ADB2-3723C2C626B5}.Release|x64.ActiveCfg = Release|Any CPU
		{F1D91C63-F244-48C9-ADB2-3723C2C626B5}.Release|x64.Build.0 = Release|Any CPU
		{F1D91C63-F244-48C9-ADB2-3723C2C626B5}.Release|x86.ActiveCfg = Release|Any CPU
		{F1D91C63-F244-48C9-ADB2-3723C2C626B5}.Release|x86.Build.0 = Release|Any CPU
		{A290D24D-3AF5-4CEC-94CD-EF48CDF29FA0}.Debug|Any CPU.ActiveCfg = Debug|Any CPU
		{A290D24D-3AF5-4CEC-94CD-EF48CDF29FA0}.Debug|Any CPU.Build.0 = Debug|Any CPU
		{A290D24D-3AF5-4CEC-94CD-EF48CDF29FA0}.Debug|x64.ActiveCfg = Debug|Any CPU
		{A290D24D-3AF5-4CEC-94CD-EF48CDF29FA0}.Debug|x64.Build.0 = Debug|Any CPU
		{A290D24D-3AF5-4CEC-94CD-EF48CDF29FA0}.Debug|x86.ActiveCfg = Debug|Any CPU
		{A290D24D-3AF5-4CEC-94CD-EF48CDF29FA0}.Debug|x86.Build.0 = Debug|Any CPU
		{A290D24D-3AF5-4CEC-94CD-EF48CDF29FA0}.Release|Any CPU.ActiveCfg = Release|Any CPU
		{A290D24D-3AF5-4CEC-94CD-EF48CDF29FA0}.Release|Any CPU.Build.0 = Release|Any CPU
		{A290D24D-3AF5-4CEC-94CD-EF48CDF29FA0}.Release|x64.ActiveCfg = Release|Any CPU
		{A290D24D-3AF5-4CEC-94CD-EF48CDF29FA0}.Release|x64.Build.0 = Release|Any CPU
		{A290D24D-3AF5-4CEC-94CD-EF48CDF29FA0}.Release|x86.ActiveCfg = Release|Any CPU
		{A290D24D-3AF5-4CEC-94CD-EF48CDF29FA0}.Release|x86.Build.0 = Release|Any CPU
		{A1E26166-CC06-4822-A26A-40E0CC962C21}.Debug|Any CPU.ActiveCfg = Debug|Any CPU
		{A1E26166-CC06-4822-A26A-40E0CC962C21}.Debug|Any CPU.Build.0 = Debug|Any CPU
		{A1E26166-CC06-4822-A26A-40E0CC962C21}.Debug|x64.ActiveCfg = Debug|Any CPU
		{A1E26166-CC06-4822-A26A-40E0CC962C21}.Debug|x64.Build.0 = Debug|Any CPU
		{A1E26166-CC06-4822-A26A-40E0CC962C21}.Debug|x86.ActiveCfg = Debug|Any CPU
		{A1E26166-CC06-4822-A26A-40E0CC962C21}.Debug|x86.Build.0 = Debug|Any CPU
		{A1E26166-CC06-4822-A26A-40E0CC962C21}.Release|Any CPU.ActiveCfg = Release|Any CPU
		{A1E26166-CC06-4822-A26A-40E0CC962C21}.Release|Any CPU.Build.0 = Release|Any CPU
		{A1E26166-CC06-4822-A26A-40E0CC962C21}.Release|x64.ActiveCfg = Release|Any CPU
		{A1E26166-CC06-4822-A26A-40E0CC962C21}.Release|x64.Build.0 = Release|Any CPU
		{A1E26166-CC06-4822-A26A-40E0CC962C21}.Release|x86.ActiveCfg = Release|Any CPU
		{A1E26166-CC06-4822-A26A-40E0CC962C21}.Release|x86.Build.0 = Release|Any CPU
		{F4FBD098-F466-469D-869F-C688C340A630}.Debug|Any CPU.ActiveCfg = Debug|Any CPU
		{F4FBD098-F466-469D-869F-C688C340A630}.Debug|Any CPU.Build.0 = Debug|Any CPU
		{F4FBD098-F466-469D-869F-C688C340A630}.Debug|x64.ActiveCfg = Debug|Any CPU
		{F4FBD098-F466-469D-869F-C688C340A630}.Debug|x64.Build.0 = Debug|Any CPU
		{F4FBD098-F466-469D-869F-C688C340A630}.Debug|x86.ActiveCfg = Debug|Any CPU
		{F4FBD098-F466-469D-869F-C688C340A630}.Debug|x86.Build.0 = Debug|Any CPU
		{F4FBD098-F466-469D-869F-C688C340A630}.Release|Any CPU.ActiveCfg = Release|Any CPU
		{F4FBD098-F466-469D-869F-C688C340A630}.Release|Any CPU.Build.0 = Release|Any CPU
		{F4FBD098-F466-469D-869F-C688C340A630}.Release|x64.ActiveCfg = Release|Any CPU
		{F4FBD098-F466-469D-869F-C688C340A630}.Release|x64.Build.0 = Release|Any CPU
		{F4FBD098-F466-469D-869F-C688C340A630}.Release|x86.ActiveCfg = Release|Any CPU
		{F4FBD098-F466-469D-869F-C688C340A630}.Release|x86.Build.0 = Release|Any CPU
	EndGlobalSection
	GlobalSection(SolutionProperties) = preSolution
		HideSolutionNode = FALSE
	EndGlobalSection
	GlobalSection(ExtensibilityGlobals) = postSolution
		SolutionGuid = {73670FCA-E828-4504-B370-6FD88D55F5C5}
	EndGlobalSection
EndGlobal
